
Microsoft Visual Studio Solution File, Format Version 12.00
# Visual Studio Version 17
VisualStudioVersion = 17.9.34728.123
MinimumVisualStudioVersion = 10.0.40219.1
Project("{9A19103F-16F7-4668-BE54-9A1E7A4F7556}") = "DesafioGourmet_ConsoleApp", "DesafioGourmet_ConsoleApp\DesafioGourmet_ConsoleApp.csproj", "{EEEB707B-0120-4B17-A2AD-25E357B0804C}"
EndProject
Global
	GlobalSection(SolutionConfigurationPlatforms) = preSolution
		Debug|Any CPU = Debug|Any CPU
		Debug|ARM = Debug|ARM
		Debug|ARM64 = Debug|ARM64
		Debug|x64 = Debug|x64
		Debug|x86 = Debug|x86
		Release|Any CPU = Release|Any CPU
		Release|ARM = Release|ARM
		Release|ARM64 = Release|ARM64
		Release|x64 = Release|x64
		Release|x86 = Release|x86
	EndGlobalSection
	GlobalSection(ProjectConfigurationPlatforms) = postSolution
		{EEEB707B-0120-4B17-A2AD-25E357B0804C}.Debug|Any CPU.ActiveCfg = Debug|Any CPU
		{EEEB707B-0120-4B17-A2AD-25E357B0804C}.Debug|Any CPU.Build.0 = Debug|Any CPU
		{EEEB707B-0120-4B17-A2AD-25E357B0804C}.Debug|ARM.ActiveCfg = Debug|Any CPU
		{EEEB707B-0120-4B17-A2AD-25E357B0804C}.Debug|ARM.Build.0 = Debug|Any CPU
		{EEEB707B-0120-4B17-A2AD-25E357B0804C}.Debug|ARM64.ActiveCfg = Debug|Any CPU
		{EEEB707B-0120-4B17-A2AD-25E357B0804C}.Debug|ARM64.Build.0 = Debug|Any CPU
		{EEEB707B-0120-4B17-A2AD-25E357B0804C}.Debug|x64.ActiveCfg = Debug|Any CPU
		{EEEB707B-0120-4B17-A2AD-25E357B0804C}.Debug|x64.Build.0 = Debug|Any CPU
		{EEEB707B-0120-4B17-A2AD-25E357B0804C}.Debug|x86.ActiveCfg = Debug|Any CPU
		{EEEB707B-0120-4B17-A2AD-25E357B0804C}.Debug|x86.Build.0 = Debug|Any CPU
		{EEEB707B-0120-4B17-A2AD-25E357B0804C}.Release|Any CPU.ActiveCfg = Release|Any CPU
		{EEEB707B-0120-4B17-A2AD-25E357B0804C}.Release|Any CPU.Build.0 = Release|Any CPU
		{EEEB707B-0120-4B17-A2AD-25E357B0804C}.Release|ARM.ActiveCfg = Release|Any CPU
		{EEEB707B-0120-4B17-A2AD-25E357B0804C}.Release|ARM.Build.0 = Release|Any CPU
		{EEEB707B-0120-4B17-A2AD-25E357B0804C}.Release|ARM64.ActiveCfg = Release|Any CPU
		{EEEB707B-0120-4B17-A2AD-25E357B0804C}.Release|ARM64.Build.0 = Release|Any CPU
		{EEEB707B-0120-4B17-A2AD-25E357B0804C}.Release|x64.ActiveCfg = Release|Any CPU
		{EEEB707B-0120-4B17-A2AD-25E357B0804C}.Release|x64.Build.0 = Release|Any CPU
		{EEEB707B-0120-4B17-A2AD-25E357B0804C}.Release|x86.ActiveCfg = Release|Any CPU
		{EEEB707B-0120-4B17-A2AD-25E357B0804C}.Release|x86.Build.0 = Release|Any CPU
	EndGlobalSection
	GlobalSection(SolutionProperties) = preSolution
		HideSolutionNode = FALSE
	EndGlobalSection
	GlobalSection(ExtensibilityGlobals) = postSolution
		SolutionGuid = {D06CF967-C8EA-4595-84CA-AF1107F2A8E0}
	EndGlobalSection
EndGlobal
